
Microsoft Visual Studio Solution File, Format Version 12.00
# Visual Studio Version 17
VisualStudioVersion = 17.5.33502.453
MinimumVisualStudioVersion = 10.0.40219.1
Project("{FAE04EC0-301F-11D3-BF4B-00C04F79EFBC}") = "Tasks.Benchmark", "Tasks.Benchmark\Tasks.Benchmark.csproj", "{974B1B99-787B-4D76-840D-B4AA22F4CEA2}"
EndProject
Project("{2150E333-8FDC-42A3-9474-1A3956D46DE8}") = "Solution Items", "Solution Items", "{D03F6474-00AD-4EA1-B11B-75D13C607B5D}"
EndProject
Global
	GlobalSection(SolutionConfigurationPlatforms) = preSolution
		Debug|Any CPU = Debug|Any CPU
		Release|Any CPU = Release|Any CPU
	EndGlobalSection
	GlobalSection(ProjectConfigurationPlatforms) = postSolution
		{974B1B99-787B-4D76-840D-B4AA22F4CEA2}.Debug|Any CPU.ActiveCfg = Debug|Any CPU
		{974B1B99-787B-4D76-840D-B4AA22F4CEA2}.Debug|Any CPU.Build.0 = Debug|Any CPU
		{974B1B99-787B-4D76-840D-B4AA22F4CEA2}.Release|Any CPU.ActiveCfg = Release|Any CPU
		{974B1B99-787B-4D76-840D-B4AA22F4CEA2}.Release|Any CPU.Build.0 = Release|Any CPU
	EndGlobalSection
	GlobalSection(SolutionProperties) = preSolution
		HideSolutionNode = FALSE
	EndGlobalSection
	GlobalSection(ExtensibilityGlobals) = postSolution
		SolutionGuid = {B9041C2C-A778-49B5-9565-E7E211016BC5}
	EndGlobalSection
EndGlobal
